<Solution>
    <Project Path="Contracts/Contracts.csproj" />
    <Project Path="Entities/Entities.csproj" />
    <Project Path="ExpenseTrackerApi.Presentation/ExpenseTrackerApi.Presentation.csproj" />
    <Project Path="ExpenseTrackerApi/ExpenseTrackerApi.csproj" />
    <Project Path="Repository/Repository.csproj" />
    <Project Path="Service.Contracts/Service.Contracts.csproj" />
    <Project Path="Service/Service.csproj" />
    <Project Path="Shared/Shared.csproj" />
</Solution>